
Microsoft Visual Studio Solution File, Format Version 12.00
# Visual Studio Version 16
VisualStudioVersion = 16.0.30413.136
MinimumVisualStudioVersion = 10.0.40219.1
Project("{FAE04EC0-301F-11D3-BF4B-00C04F79EFBC}") = "DigitalAzariBDC", "DigitalAzariBDC\DigitalAzariBDC.csproj", "{37EB6AA6-9E5F-4766-BD61-B9D3B9994B69}"
EndProject
Global
	GlobalSection(SolutionConfigurationPlatforms) = preSolution
		Debug|Any CPU = Debug|Any CPU
		Release|Any CPU = Release|Any CPU
	EndGlobalSection
	GlobalSection(ProjectConfigurationPlatforms) = postSolution
		{37EB6AA6-9E5F-4766-BD61-B9D3B9994B69}.Debug|Any CPU.ActiveCfg = Debug|Any CPU
		{37EB6AA6-9E5F-4766-BD61-B9D3B9994B69}.Debug|Any CPU.Build.0 = Debug|Any CPU
		{37EB6AA6-9E5F-4766-BD61-B9D3B9994B69}.Release|Any CPU.ActiveCfg = Release|Any CPU
		{37EB6AA6-9E5F-4766-BD61-B9D3B9994B69}.Release|Any CPU.Build.0 = Release|Any CPU
	EndGlobalSection
	GlobalSection(SolutionProperties) = preSolution
		HideSolutionNode = FALSE
	EndGlobalSection
	GlobalSection(ExtensibilityGlobals) = postSolution
		SolutionGuid = {AA32743C-D5AA-45D2-B3A4-48C13812300F}
	EndGlobalSection
EndGlobal
